// !$*UTF8*$!
{
	archiveVersion = 1;
	classes = {
	};
	objectVersion = 55;
	objects = {

/* Begin PBXBuildFile section */
		06C2FE257F13794B0DE89E3C /* Pods_oc_developer_protocol.framework in Frameworks */ = {isa = PBXBuildFile; fileRef = 904BFB25C9B9CEF4748C5699 /* Pods_oc_developer_protocol.framework */; };
		983C6DD3274B9A0B00FCE8A3 /* AppDelegate.m in Sources */ = {isa = PBXBuildFile; fileRef = 983C6DD2274B9A0B00FCE8A3 /* AppDelegate.m */; };
		983C6DD6274B9A0B00FCE8A3 /* SceneDelegate.m in Sources */ = {isa = PBXBuildFile; fileRef = 983C6DD5274B9A0B00FCE8A3 /* SceneDelegate.m */; };
		983C6DD9274B9A0B00FCE8A3 /* ViewController.m in Sources */ = {isa = PBXBuildFile; fileRef = 983C6DD8274B9A0B00FCE8A3 /* ViewController.m */; };
		983C6DDC274B9A0B00FCE8A3 /* Main.storyboard in Resources */ = {isa = PBXBuildFile; fileRef = 983C6DDA274B9A0B00FCE8A3 /* Main.storyboard */; };
		983C6DDE274B9A0F00FCE8A3 /* Assets.xcassets in Resources */ = {isa = PBXBuildFile; fileRef = 983C6DDD274B9A0F00FCE8A3 /* Assets.xcassets */; };
		983C6DE1274B9A0F00FCE8A3 /* LaunchScreen.storyboard in Resources */ = {isa = PBXBuildFile; fileRef = 983C6DDF274B9A0F00FCE8A3 /* LaunchScreen.storyboard */; };
		983C6DE4274B9A0F00FCE8A3 /* main.m in Sources */ = {isa = PBXBuildFile; fileRef = 983C6DE3274B9A0F00FCE8A3 /* main.m */; };
		984B3962274F345600037B52 /* ProtocolViewController.m in Sources */ = {isa = PBXBuildFile; fileRef = 984B3961274F345600037B52 /* ProtocolViewController.m */; };
		984B3965274F3B7000037B52 /* AESCryptUtil.m in Sources */ = {isa = PBXBuildFile; fileRef = 984B3964274F3B7000037B52 /* AESCryptUtil.m */; };
		984B3968274F54F100037B52 /* CryptHelper.m in Sources */ = {isa = PBXBuildFile; fileRef = 984B3967274F54F100037B52 /* CryptHelper.m */; };
		984B396B274F749900037B52 /* OTPCryptUtil.m in Sources */ = {isa = PBXBuildFile; fileRef = 984B396A274F749900037B52 /* OTPCryptUtil.m */; };
		984B396E274F74D700037B52 /* CryptUtil.m in Sources */ = {isa = PBXBuildFile; fileRef = 984B396D274F74D700037B52 /* CryptUtil.m */; };
/* End PBXBuildFile section */

/* Begin PBXFileReference section */
		5DBCAA949281B68DE071E58D /* Pods-oc-developer-protocol.debug.xcconfig */ = {isa = PBXFileReference; includeInIndex = 1; lastKnownFileType = text.xcconfig; name = "Pods-oc-developer-protocol.debug.xcconfig"; path = "Target Support Files/Pods-oc-developer-protocol/Pods-oc-developer-protocol.debug.xcconfig"; sourceTree = "<group>"; };
		904BFB25C9B9CEF4748C5699 /* Pods_oc_developer_protocol.framework */ = {isa = PBXFileReference; explicitFileType = wrapper.framework; includeInIndex = 0; path = Pods_oc_developer_protocol.framework; sourceTree = BUILT_PRODUCTS_DIR; };
		983C6DCE274B9A0B00FCE8A3 /* oc-developer-protocol.app */ = {isa = PBXFileReference; explicitFileType = wrapper.application; includeInIndex = 0; path = "oc-developer-protocol.app"; sourceTree = BUILT_PRODUCTS_DIR; };
		983C6DD1274B9A0B00FCE8A3 /* AppDelegate.h */ = {isa = PBXFileReference; lastKnownFileType = sourcecode.c.h; path = AppDelegate.h; sourceTree = "<group>"; };
		983C6DD2274B9A0B00FCE8A3 /* AppDelegate.m */ = {isa = PBXFileReference; lastKnownFileType = sourcecode.c.objc; path = AppDelegate.m; sourceTree = "<group>"; };
		983C6DD4274B9A0B00FCE8A3 /* SceneDelegate.h */ = {isa = PBXFileReference; lastKnownFileType = sourcecode.c.h; path = SceneDelegate.h; sourceTree = "<group>"; };
		983C6DD5274B9A0B00FCE8A3 /* SceneDelegate.m */ = {isa = PBXFileReference; lastKnownFileType = sourcecode.c.objc; path = SceneDelegate.m; sourceTree = "<group>"; };
		983C6DD7274B9A0B00FCE8A3 /* ViewController.h */ = {isa = PBXFileReference; lastKnownFileType = sourcecode.c.h; path = ViewController.h; sourceTree = "<group>"; };
		983C6DD8274B9A0B00FCE8A3 /* ViewController.m */ = {isa = PBXFileReference; lastKnownFileType = sourcecode.c.objc; path = ViewController.m; sourceTree = "<group>"; };
		983C6DDB274B9A0B00FCE8A3 /* Base */ = {isa = PBXFileReference; lastKnownFileType = file.storyboard; name = Base; path = Base.lproj/Main.storyboard; sourceTree = "<group>"; };
		983C6DDD274B9A0F00FCE8A3 /* Assets.xcassets */ = {isa = PBXFileReference; lastKnownFileType = folder.assetcatalog; path = Assets.xcassets; sourceTree = "<group>"; };
		983C6DE0274B9A0F00FCE8A3 /* Base */ = {isa = PBXFileReference; lastKnownFileType = file.storyboard; name = Base; path = Base.lproj/LaunchScreen.storyboard; sourceTree = "<group>"; };
		983C6DE2274B9A0F00FCE8A3 /* Info.plist */ = {isa = PBXFileReference; lastKnownFileType = text.plist.xml; path = Info.plist; sourceTree = "<group>"; };
		983C6DE3274B9A0F00FCE8A3 /* main.m */ = {isa = PBXFileReference; lastKnownFileType = sourcecode.c.objc; path = main.m; sourceTree = "<group>"; };
		984B3960274F345600037B52 /* ProtocolViewController.h */ = {isa = PBXFileReference; lastKnownFileType = sourcecode.c.h; path = ProtocolViewController.h; sourceTree = "<group>"; };
		984B3961274F345600037B52 /* ProtocolViewController.m */ = {isa = PBXFileReference; lastKnownFileType = sourcecode.c.objc; path = ProtocolViewController.m; sourceTree = "<group>"; };
		984B3963274F3B7000037B52 /* AESCryptUtil.h */ = {isa = PBXFileReference; lastKnownFileType = sourcecode.c.h; path = AESCryptUtil.h; sourceTree = "<group>"; };
		984B3964274F3B7000037B52 /* AESCryptUtil.m */ = {isa = PBXFileReference; lastKnownFileType = sourcecode.c.objc; path = AESCryptUtil.m; sourceTree = "<group>"; };
		984B3966274F54F100037B52 /* CryptHelper.h */ = {isa = PBXFileReference; lastKnownFileType = sourcecode.c.h; path = CryptHelper.h; sourceTree = "<group>"; };
		984B3967274F54F100037B52 /* CryptHelper.m */ = {isa = PBXFileReference; lastKnownFileType = sourcecode.c.objc; path = CryptHelper.m; sourceTree = "<group>"; };
		984B3969274F749900037B52 /* OTPCryptUtil.h */ = {isa = PBXFileReference; lastKnownFileType = sourcecode.c.h; path = OTPCryptUtil.h; sourceTree = "<group>"; };
		984B396A274F749900037B52 /* OTPCryptUtil.m */ = {isa = PBXFileReference; lastKnownFileType = sourcecode.c.objc; path = OTPCryptUtil.m; sourceTree = "<group>"; };
		984B396C274F74D700037B52 /* CryptUtil.h */ = {isa = PBXFileReference; lastKnownFileType = sourcecode.c.h; path = CryptUtil.h; sourceTree = "<group>"; };
		984B396D274F74D700037B52 /* CryptUtil.m */ = {isa = PBXFileReference; lastKnownFileType = sourcecode.c.objc; path = CryptUtil.m; sourceTree = "<group>"; };
		D06B0455E73FE53A014466B5 /* Pods-oc-developer-protocol.release.xcconfig */ = {isa = PBXFileReference; includeInIndex = 1; lastKnownFileType = text.xcconfig; name = "Pods-oc-developer-protocol.release.xcconfig"; path = "Target Support Files/Pods-oc-developer-protocol/Pods-oc-developer-protocol.release.xcconfig"; sourceTree = "<group>"; };
/* End PBXFileReference section */

/* Begin PBXFrameworksBuildPhase section */
		983C6DCB274B9A0B00FCE8A3 /* Frameworks */ = {
			isa = PBXFrameworksBuildPhase;
			buildActionMask = 2147483647;
			files = (
				06C2FE257F13794B0DE89E3C /* Pods_oc_developer_protocol.framework in Frameworks */,
			);
			runOnlyForDeploymentPostprocessing = 0;
		};
/* End PBXFrameworksBuildPhase section */

/* Begin PBXGroup section */
		6B372CAAED9FF22B3B519449 /* Pods */ = {
			isa = PBXGroup;
			children = (
				5DBCAA949281B68DE071E58D /* Pods-oc-developer-protocol.debug.xcconfig */,
				D06B0455E73FE53A014466B5 /* Pods-oc-developer-protocol.release.xcconfig */,
			);
			path = Pods;
			sourceTree = "<group>";
		};
		6B4D25D129406A6F681B7D13 /* Frameworks */ = {
			isa = PBXGroup;
			children = (
				904BFB25C9B9CEF4748C5699 /* Pods_oc_developer_protocol.framework */,
			);
			name = Frameworks;
			sourceTree = "<group>";
		};
		983C6DC5274B9A0B00FCE8A3 = {
			isa = PBXGroup;
			children = (
				983C6DD0274B9A0B00FCE8A3 /* oc-developer-protocol */,
				983C6DCF274B9A0B00FCE8A3 /* Products */,
				6B372CAAED9FF22B3B519449 /* Pods */,
				6B4D25D129406A6F681B7D13 /* Frameworks */,
			);
			sourceTree = "<group>";
		};
		983C6DCF274B9A0B00FCE8A3 /* Products */ = {
			isa = PBXGroup;
			children = (
				983C6DCE274B9A0B00FCE8A3 /* oc-developer-protocol.app */,
			);
			name = Products;
			sourceTree = "<group>";
		};
		983C6DD0274B9A0B00FCE8A3 /* oc-developer-protocol */ = {
			isa = PBXGroup;
			children = (
				983C6DD1274B9A0B00FCE8A3 /* AppDelegate.h */,
				983C6DD2274B9A0B00FCE8A3 /* AppDelegate.m */,
				983C6DD4274B9A0B00FCE8A3 /* SceneDelegate.h */,
				983C6DD5274B9A0B00FCE8A3 /* SceneDelegate.m */,
				984B395F274F33FF00037B52 /* Protocol */,
				984B395E274F33D900037B52 /* ViewController */,
				983C6DDA274B9A0B00FCE8A3 /* Main.storyboard */,
				983C6DDD274B9A0F00FCE8A3 /* Assets.xcassets */,
				983C6DDF274B9A0F00FCE8A3 /* LaunchScreen.storyboard */,
				983C6DE2274B9A0F00FCE8A3 /* Info.plist */,
				983C6DE3274B9A0F00FCE8A3 /* main.m */,
			);
			path = "oc-developer-protocol";
			sourceTree = "<group>";
		};
		984B395E274F33D900037B52 /* ViewController */ = {
			isa = PBXGroup;
			children = (
				983C6DD7274B9A0B00FCE8A3 /* ViewController.h */,
				983C6DD8274B9A0B00FCE8A3 /* ViewController.m */,
				984B3960274F345600037B52 /* ProtocolViewController.h */,
				984B3961274F345600037B52 /* ProtocolViewController.m */,
			);
			path = ViewController;
			sourceTree = "<group>";
		};
		984B395F274F33FF00037B52 /* Protocol */ = {
			isa = PBXGroup;
			children = (
				984B396C274F74D700037B52 /* CryptUtil.h */,
				984B396D274F74D700037B52 /* CryptUtil.m */,
				984B3966274F54F100037B52 /* CryptHelper.h */,
				984B3967274F54F100037B52 /* CryptHelper.m */,
				984B3963274F3B7000037B52 /* AESCryptUtil.h */,
				984B3964274F3B7000037B52 /* AESCryptUtil.m */,
				984B3969274F749900037B52 /* OTPCryptUtil.h */,
				984B396A274F749900037B52 /* OTPCryptUtil.m */,
			);
			path = Protocol;
			sourceTree = "<group>";
		};
/* End PBXGroup section */

/* Begin PBXNativeTarget section */
		983C6DCD274B9A0B00FCE8A3 /* oc-developer-protocol */ = {
			isa = PBXNativeTarget;
			buildConfigurationList = 983C6DE7274B9A0F00FCE8A3 /* Build configuration list for PBXNativeTarget "oc-developer-protocol" */;
			buildPhases = (
				E1075380ACAFAD8CCF9E605D /* [CP] Check Pods Manifest.lock */,
				983C6DCA274B9A0B00FCE8A3 /* Sources */,
				983C6DCB274B9A0B00FCE8A3 /* Frameworks */,
				983C6DCC274B9A0B00FCE8A3 /* Resources */,
				B2C0EF534BB651A8CBDA875D /* [CP] Embed Pods Frameworks */,
			);
			buildRules = (
			);
			dependencies = (
			);
			name = "oc-developer-protocol";
			productName = "oc-developer-protocol";
			productReference = 983C6DCE274B9A0B00FCE8A3 /* oc-developer-protocol.app */;
			productType = "com.apple.product-type.application";
		};
/* End PBXNativeTarget section */

/* Begin PBXProject section */
		983C6DC6274B9A0B00FCE8A3 /* Project object */ = {
			isa = PBXProject;
			attributes = {
				BuildIndependentTargetsInParallel = 1;
				LastUpgradeCheck = 1300;
				TargetAttributes = {
					983C6DCD274B9A0B00FCE8A3 = {
						CreatedOnToolsVersion = 13.0;
					};
				};
			};
			buildConfigurationList = 983C6DC9274B9A0B00FCE8A3 /* Build configuration list for PBXProject "oc-developer-protocol" */;
			compatibilityVersion = "Xcode 13.0";
			developmentRegion = en;
			hasScannedForEncodings = 0;
			knownRegions = (
				en,
				Base,
			);
			mainGroup = 983C6DC5274B9A0B00FCE8A3;
			productRefGroup = 983C6DCF274B9A0B00FCE8A3 /* Products */;
			projectDirPath = "";
			projectRoot = "";
			targets = (
				983C6DCD274B9A0B00FCE8A3 /* oc-developer-protocol */,
			);
		};
/* End PBXProject section */

/* Begin PBXResourcesBuildPhase section */
		983C6DCC274B9A0B00FCE8A3 /* Resources */ = {
			isa = PBXResourcesBuildPhase;
			buildActionMask = 2147483647;
			files = (
				983C6DE1274B9A0F00FCE8A3 /* LaunchScreen.storyboard in Resources */,
				983C6DDE274B9A0F00FCE8A3 /* Assets.xcassets in Resources */,
				983C6DDC274B9A0B00FCE8A3 /* Main.storyboard in Resources */,
			);
			runOnlyForDeploymentPostprocessing = 0;
		};
/* End PBXResourcesBuildPhase section */

/* Begin PBXShellScriptBuildPhase section */
		B2C0EF534BB651A8CBDA875D /* [CP] Embed Pods Frameworks */ = {
			isa = PBXShellScriptBuildPhase;
			buildActionMask = 2147483647;
			files = (
			);
			inputFileListPaths = (
				"${PODS_ROOT}/Target Support Files/Pods-oc-developer-protocol/Pods-oc-developer-protocol-frameworks-${CONFIGURATION}-input-files.xcfilelist",
			);
			name = "[CP] Embed Pods Frameworks";
			outputFileListPaths = (
				"${PODS_ROOT}/Target Support Files/Pods-oc-developer-protocol/Pods-oc-developer-protocol-frameworks-${CONFIGURATION}-output-files.xcfilelist",
			);
			runOnlyForDeploymentPostprocessing = 0;
			shellPath = /bin/sh;
			shellScript = "\"${PODS_ROOT}/Target Support Files/Pods-oc-developer-protocol/Pods-oc-developer-protocol-frameworks.sh\"\n";
			showEnvVarsInLog = 0;
		};
		E1075380ACAFAD8CCF9E605D /* [CP] Check Pods Manifest.lock */ = {
			isa = PBXShellScriptBuildPhase;
			buildActionMask = 2147483647;
			files = (
			);
			inputFileListPaths = (
			);
			inputPaths = (
				"${PODS_PODFILE_DIR_PATH}/Podfile.lock",
				"${PODS_ROOT}/Manifest.lock",
			);
			name = "[CP] Check Pods Manifest.lock";
			outputFileListPaths = (
			);
			outputPaths = (
				"$(DERIVED_FILE_DIR)/Pods-oc-developer-protocol-checkManifestLockResult.txt",
			);
			runOnlyForDeploymentPostprocessing = 0;
			shellPath = /bin/sh;
			shellScript = "diff \"${PODS_PODFILE_DIR_PATH}/Podfile.lock\" \"${PODS_ROOT}/Manifest.lock\" > /dev/null\nif [ $? != 0 ] ; then\n    # print error to STDERR\n    echo \"error: The sandbox is not in sync with the Podfile.lock. Run 'pod install' or update your CocoaPods installation.\" >&2\n    exit 1\nfi\n# This output is used by Xcode 'outputs' to avoid re-running this script phase.\necho \"SUCCESS\" > \"${SCRIPT_OUTPUT_FILE_0}\"\n";
			showEnvVarsInLog = 0;
		};
/* End PBXShellScriptBuildPhase section */

/* Begin PBXSourcesBuildPhase section */
		983C6DCA274B9A0B00FCE8A3 /* Sources */ = {
			isa = PBXSourcesBuildPhase;
			buildActionMask = 2147483647;
			files = (
				984B3968274F54F100037B52 /* CryptHelper.m in Sources */,
				983C6DD9274B9A0B00FCE8A3 /* ViewController.m in Sources */,
				983C6DD3274B9A0B00FCE8A3 /* AppDelegate.m in Sources */,
				983C6DE4274B9A0F00FCE8A3 /* main.m in Sources */,
				984B396B274F749900037B52 /* OTPCryptUtil.m in Sources */,
				984B396E274F74D700037B52 /* CryptUtil.m in Sources */,
				984B3962274F345600037B52 /* ProtocolViewController.m in Sources */,
				984B3965274F3B7000037B52 /* AESCryptUtil.m in Sources */,
				983C6DD6274B9A0B00FCE8A3 /* SceneDelegate.m in Sources */,
			);
			runOnlyForDeploymentPostprocessing = 0;
		};
/* End PBXSourcesBuildPhase section */

/* Begin PBXVariantGroup section */
		983C6DDA274B9A0B00FCE8A3 /* Main.storyboard */ = {
			isa = PBXVariantGroup;
			children = (
				983C6DDB274B9A0B00FCE8A3 /* Base */,
			);
			name = Main.storyboard;
			sourceTree = "<group>";
		};
		983C6DDF274B9A0F00FCE8A3 /* LaunchScreen.storyboard */ = {
			isa = PBXVariantGroup;
			children = (
				983C6DE0274B9A0F00FCE8A3 /* Base */,
			);
			name = LaunchScreen.storyboard;
			sourceTree = "<group>";
		};
/* End PBXVariantGroup section */

/* Begin XCBuildConfiguration section */
		983C6DE5274B9A0F00FCE8A3 /* Debug */ = {
			isa = XCBuildConfiguration;
			buildSettings = {
				ALWAYS_SEARCH_USER_PATHS = NO;
				CLANG_ANALYZER_NONNULL = YES;
				CLANG_ANALYZER_NUMBER_OBJECT_CONVERSION = YES_AGGRESSIVE;
				CLANG_CXX_LANGUAGE_STANDARD = "gnu++17";
				CLANG_CXX_LIBRARY = "libc++";
				CLANG_ENABLE_MODULES = YES;
				CLANG_ENABLE_OBJC_ARC = YES;
				CLANG_ENABLE_OBJC_WEAK = YES;
				CLANG_WARN_BLOCK_CAPTURE_AUTORELEASING = YES;
				CLANG_WARN_BOOL_CONVERSION = YES;
				CLANG_WARN_COMMA = YES;
				CLANG_WARN_CONSTANT_CONVERSION = YES;
				CLANG_WARN_DEPRECATED_OBJC_IMPLEMENTATIONS = YES;
				CLANG_WARN_DIRECT_OBJC_ISA_USAGE = YES_ERROR;
				CLANG_WARN_DOCUMENTATION_COMMENTS = YES;
				CLANG_WARN_EMPTY_BODY = YES;
				CLANG_WARN_ENUM_CONVERSION = YES;
				CLANG_WARN_INFINITE_RECURSION = YES;
				CLANG_WARN_INT_CONVERSION = YES;
				CLANG_WARN_NON_LITERAL_NULL_CONVERSION = YES;
				CLANG_WARN_OBJC_IMPLICIT_RETAIN_SELF = YES;
				CLANG_WARN_OBJC_LITERAL_CONVERSION = YES;
				CLANG_WARN_OBJC_ROOT_CLASS = YES_ERROR;
				CLANG_WARN_QUOTED_INCLUDE_IN_FRAMEWORK_HEADER = YES;
				CLANG_WARN_RANGE_LOOP_ANALYSIS = YES;
				CLANG_WARN_STRICT_PROTOTYPES = YES;
				CLANG_WARN_SUSPICIOUS_MOVE = YES;
				CLANG_WARN_UNGUARDED_AVAILABILITY = YES_AGGRESSIVE;
				CLANG_WARN_UNREACHABLE_CODE = YES;
				CLANG_WARN__DUPLICATE_METHOD_MATCH = YES;
				COPY_PHASE_STRIP = NO;
				DEBUG_INFORMATION_FORMAT = dwarf;
				ENABLE_STRICT_OBJC_MSGSEND = YES;
				ENABLE_TESTABILITY = YES;
				GCC_C_LANGUAGE_STANDARD = gnu11;
				GCC_DYNAMIC_NO_PIC = NO;
				GCC_NO_COMMON_BLOCKS = YES;
				GCC_OPTIMIZATION_LEVEL = 0;
				GCC_PREPROCESSOR_DEFINITIONS = (
					"DEBUG=1",
					"$(inherited)",
				);
				GCC_WARN_64_TO_32_BIT_CONVERSION = YES;
				GCC_WARN_ABOUT_RETURN_TYPE = YES_ERROR;
				GCC_WARN_UNDECLARED_SELECTOR = YES;
				GCC_WARN_UNINITIALIZED_AUTOS = YES_AGGRESSIVE;
				GCC_WARN_UNUSED_FUNCTION = YES;
				GCC_WARN_UNUSED_VARIABLE = YES;
				IPHONEOS_DEPLOYMENT_TARGET = 15.0;
				MTL_ENABLE_DEBUG_INFO = INCLUDE_SOURCE;
				MTL_FAST_MATH = YES;
				ONLY_ACTIVE_ARCH = YES;
				SDKROOT = iphoneos;
			};
			name = Debug;
		};
		983C6DE6274B9A0F00FCE8A3 /* Release */ = {
			isa = XCBuildConfiguration;
			buildSettings = {
				ALWAYS_SEARCH_USER_PATHS = NO;
				CLANG_ANALYZER_NONNULL = YES;
				CLANG_ANALYZER_NUMBER_OBJECT_CONVERSION = YES_AGGRESSIVE;
				CLANG_CXX_LANGUAGE_STANDARD = "gnu++17";
				CLANG_CXX_LIBRARY = "libc++";
				CLANG_ENABLE_MODULES = YES;
				CLANG_ENABLE_OBJC_ARC = YES;
				CLANG_ENABLE_OBJC_WEAK = YES;
				CLANG_WARN_BLOCK_CAPTURE_AUTORELEASING = YES;
				CLANG_WARN_BOOL_CONVERSION = YES;
				CLANG_WARN_COMMA = YES;
				CLANG_WARN_CONSTANT_CONVERSION = YES;
				CLANG_WARN_DEPRECATED_OBJC_IMPLEMENTATIONS = YES;
				CLANG_WARN_DIRECT_OBJC_ISA_USAGE = YES_ERROR;
				CLANG_WARN_DOCUMENTATION_COMMENTS = YES;
				CLANG_WARN_EMPTY_BODY = YES;
				CLANG_WARN_ENUM_CONVERSION = YES;
				CLANG_WARN_INFINITE_RECURSION = YES;
				CLANG_WARN_INT_CONVERSION = YES;
				CLANG_WARN_NON_LITERAL_NULL_CONVERSION = YES;
				CLANG_WARN_OBJC_IMPLICIT_RETAIN_SELF = YES;
				CLANG_WARN_OBJC_LITERAL_CONVERSION = YES;
				CLANG_WARN_OBJC_ROOT_CLASS = YES_ERROR;
				CLANG_WARN_QUOTED_INCLUDE_IN_FRAMEWORK_HEADER = YES;
				CLANG_WARN_RANGE_LOOP_ANALYSIS = YES;
				CLANG_WARN_STRICT_PROTOTYPES = YES;
				CLANG_WARN_SUSPICIOUS_MOVE = YES;
				CLANG_WARN_UNGUARDED_AVAILABILITY = YES_AGGRESSIVE;
				CLANG_WARN_UNREACHABLE_CODE = YES;
				CLANG_WARN__DUPLICATE_METHOD_MATCH = YES;
				COPY_PHASE_STRIP = NO;
				DEBUG_INFORMATION_FORMAT = "dwarf-with-dsym";
				ENABLE_NS_ASSERTIONS = NO;
				ENABLE_STRICT_OBJC_MSGSEND = YES;
				GCC_C_LANGUAGE_STANDARD = gnu11;
				GCC_NO_COMMON_BLOCKS = YES;
				GCC_WARN_64_TO_32_BIT_CONVERSION = YES;
				GCC_WARN_ABOUT_RETURN_TYPE = YES_ERROR;
				GCC_WARN_UNDECLARED_SELECTOR = YES;
				GCC_WARN_UNINITIALIZED_AUTOS = YES_AGGRESSIVE;
				GCC_WARN_UNUSED_FUNCTION = YES;
				GCC_WARN_UNUSED_VARIABLE = YES;
				IPHONEOS_DEPLOYMENT_TARGET = 15.0;
				MTL_ENABLE_DEBUG_INFO = NO;
				MTL_FAST_MATH = YES;
				SDKROOT = iphoneos;
				VALIDATE_PRODUCT = YES;
			};
			name = Release;
		};
		983C6DE8274B9A0F00FCE8A3 /* Debug */ = {
			isa = XCBuildConfiguration;
			baseConfigurationReference = 5DBCAA949281B68DE071E58D /* Pods-oc-developer-protocol.debug.xcconfig */;
			buildSettings = {
				ASSETCATALOG_COMPILER_APPICON_NAME = AppIcon;
				ASSETCATALOG_COMPILER_GLOBAL_ACCENT_COLOR_NAME = AccentColor;
				CODE_SIGN_STYLE = Automatic;
				CURRENT_PROJECT_VERSION = 1;
				DEVELOPMENT_TEAM = WW369W9G65;
				GENERATE_INFOPLIST_FILE = YES;
				INFOPLIST_FILE = "oc-developer-protocol/Info.plist";
				INFOPLIST_KEY_CFBundleDisplayName = protocol;
				INFOPLIST_KEY_UIApplicationSupportsIndirectInputEvents = YES;
				INFOPLIST_KEY_UILaunchStoryboardName = LaunchScreen;
				INFOPLIST_KEY_UIMainStoryboardFile = Main;
				INFOPLIST_KEY_UISupportedInterfaceOrientations_iPad = "UIInterfaceOrientationPortrait UIInterfaceOrientationPortraitUpsideDown UIInterfaceOrientationLandscapeLeft UIInterfaceOrientationLandscapeRight";
				INFOPLIST_KEY_UISupportedInterfaceOrientations_iPhone = "UIInterfaceOrientationPortrait UIInterfaceOrientationLandscapeLeft UIInterfaceOrientationLandscapeRight";
				INFOPLIST_KEY_UIUserInterfaceStyle = Light;
				IPHONEOS_DEPLOYMENT_TARGET = 13.0;
				LD_RUNPATH_SEARCH_PATHS = (
					"$(inherited)",
					"@executable_path/Frameworks",
				);
				MARKETING_VERSION = 1.0;
				PRODUCT_BUNDLE_IDENTIFIER = "com.gongniu.oc-developer-protocol";
				PRODUCT_NAME = "$(TARGET_NAME)";
				SWIFT_EMIT_LOC_STRINGS = YES;
				TARGETED_DEVICE_FAMILY = "1,2";
			};
			name = Debug;
		};
		983C6DE9274B9A0F00FCE8A3 /* Release */ = {
			isa = XCBuildConfiguration;
			baseConfigurationReference = D06B0455E73FE53A014466B5 /* Pods-oc-developer-protocol.release.xcconfig */;
			buildSettings = {
				ASSETCATALOG_COMPILER_APPICON_NAME = AppIcon;
				ASSETCATALOG_COMPILER_GLOBAL_ACCENT_COLOR_NAME = AccentColor;
				CODE_SIGN_STYLE = Automatic;
				CURRENT_PROJECT_VERSION = 1;
				DEVELOPMENT_TEAM = WW369W9G65;
				GENERATE_INFOPLIST_FILE = YES;
				INFOPLIST_FILE = "oc-developer-protocol/Info.plist";
				INFOPLIST_KEY_CFBundleDisplayName = protocol;
				INFOPLIST_KEY_UIApplicationSupportsIndirectInputEvents = YES;
				INFOPLIST_KEY_UILaunchStoryboardName = LaunchScreen;
				INFOPLIST_KEY_UIMainStoryboardFile = Main;
				INFOPLIST_KEY_UISupportedInterfaceOrientations_iPad = "UIInterfaceOrientationPortrait UIInterfaceOrientationPortraitUpsideDown UIInterfaceOrientationLandscapeLeft UIInterfaceOrientationLandscapeRight";
				INFOPLIST_KEY_UISupportedInterfaceOrientations_iPhone = "UIInterfaceOrientationPortrait UIInterfaceOrientationLandscapeLeft UIInterfaceOrientationLandscapeRight";
				INFOPLIST_KEY_UIUserInterfaceStyle = Light;
				IPHONEOS_DEPLOYMENT_TARGET = 13.0;
				LD_RUNPATH_SEARCH_PATHS = (
					"$(inherited)",
					"@executable_path/Frameworks",
				);
				MARKETING_VERSION = 1.0;
				PRODUCT_BUNDLE_IDENTIFIER = "com.gongniu.oc-developer-protocol";
				PRODUCT_NAME = "$(TARGET_NAME)";
				SWIFT_EMIT_LOC_STRINGS = YES;
				TARGETED_DEVICE_FAMILY = "1,2";
			};
			name = Release;
		};
/* End XCBuildConfiguration section */

/* Begin XCConfigurationList section */
		983C6DC9274B9A0B00FCE8A3 /* Build configuration list for PBXProject "oc-developer-protocol" */ = {
			isa = XCConfigurationList;
			buildConfigurations = (
				983C6DE5274B9A0F00FCE8A3 /* Debug */,
				983C6DE6274B9A0F00FCE8A3 /* Release */,
			);
			defaultConfigurationIsVisible = 0;
			defaultConfigurationName = Release;
		};
		983C6DE7274B9A0F00FCE8A3 /* Build configuration list for PBXNativeTarget "oc-developer-protocol" */ = {
			isa = XCConfigurationList;
			buildConfigurations = (
				983C6DE8274B9A0F00FCE8A3 /* Debug */,
				983C6DE9274B9A0F00FCE8A3 /* Release */,
			);
			defaultConfigurationIsVisible = 0;
			defaultConfigurationName = Release;
		};
/* End XCConfigurationList section */
	};
	rootObject = 983C6DC6274B9A0B00FCE8A3 /* Project object */;
}
